
Microsoft Visual Studio Solution File, Format Version 12.00
# Visual Studio 15
VisualStudioVersion = 15.0.27130.2036
MinimumVisualStudioVersion = 10.0.40219.1
Project("{FAE04EC0-301F-11D3-BF4B-00C04F79EFBC}") = "Itse.1430.Movie.Lib.Ui", "Itse.1430.Movie.Lib.Ui\Itse.1430.Movie.Lib.Ui.csproj", "{1077ABE2-DF36-4C8E-B82A-00C8A294920B}"
EndProject
Project("{FAE04EC0-301F-11D3-BF4B-00C04F79EFBC}") = "Itse1430.Movie.Lib", "Itse1430.Movie.Lib\Itse1430.Movie.Lib.csproj", "{4022B2D1-742E-4A41-8986-21ABC73B94E7}"
EndProject
Project("{FAE04EC0-301F-11D3-BF4B-00C04F79EFBC}") = "Itse1430MovieLib.Memory", "Itse1430MovieLib.Memory\Itse1430MovieLib.Memory.csproj", "{54C28DB4-3B84-4E4C-8953-0FA1941120C4}"
EndProject
Project("{FAE04EC0-301F-11D3-BF4B-00C04F79EFBC}") = "PlayWithLINQ", "PlayWithLINQ\PlayWithLINQ.csproj", "{D72F7F69-0D62-4572-9228-7C23E915AEC7}"
EndProject
Project("{00D1A9C2-B5F0-4AF3-8072-F6C62B433612}") = "MovieDatabase", "MovieDatabase\MovieDatabase.sqlproj", "{D336CD26-C9B8-4B7F-83E7-2F951DF1FABC}"
EndProject
Project("{FAE04EC0-301F-11D3-BF4B-00C04F79EFBC}") = "Itse1430MovieLib.Sql", "Itse1430MovieLib.SQL\Itse1430MovieLib.Sql.csproj", "{C18B8323-7876-4F7D-AB93-091A18281C71}"
EndProject
Global
	GlobalSection(SolutionConfigurationPlatforms) = preSolution
		Debug|Any CPU = Debug|Any CPU
		Release|Any CPU = Release|Any CPU
	EndGlobalSection
	GlobalSection(ProjectConfigurationPlatforms) = postSolution
		{1077ABE2-DF36-4C8E-B82A-00C8A294920B}.Debug|Any CPU.ActiveCfg = Debug|Any CPU
		{1077ABE2-DF36-4C8E-B82A-00C8A294920B}.Debug|Any CPU.Build.0 = Debug|Any CPU
		{1077ABE2-DF36-4C8E-B82A-00C8A294920B}.Release|Any CPU.ActiveCfg = Release|Any CPU
		{1077ABE2-DF36-4C8E-B82A-00C8A294920B}.Release|Any CPU.Build.0 = Release|Any CPU
		{4022B2D1-742E-4A41-8986-21ABC73B94E7}.Debug|Any CPU.ActiveCfg = Debug|Any CPU
		{4022B2D1-742E-4A41-8986-21ABC73B94E7}.Debug|Any CPU.Build.0 = Debug|Any CPU
		{4022B2D1-742E-4A41-8986-21ABC73B94E7}.Release|Any CPU.ActiveCfg = Release|Any CPU
		{4022B2D1-742E-4A41-8986-21ABC73B94E7}.Release|Any CPU.Build.0 = Release|Any CPU
		{54C28DB4-3B84-4E4C-8953-0FA1941120C4}.Debug|Any CPU.ActiveCfg = Debug|Any CPU
		{54C28DB4-3B84-4E4C-8953-0FA1941120C4}.Debug|Any CPU.Build.0 = Debug|Any CPU
		{54C28DB4-3B84-4E4C-8953-0FA1941120C4}.Release|Any CPU.ActiveCfg = Release|Any CPU
		{54C28DB4-3B84-4E4C-8953-0FA1941120C4}.Release|Any CPU.Build.0 = Release|Any CPU
		{D72F7F69-0D62-4572-9228-7C23E915AEC7}.Debug|Any CPU.ActiveCfg = Debug|Any CPU
		{D72F7F69-0D62-4572-9228-7C23E915AEC7}.Debug|Any CPU.Build.0 = Debug|Any CPU
		{D72F7F69-0D62-4572-9228-7C23E915AEC7}.Release|Any CPU.ActiveCfg = Release|Any CPU
		{D72F7F69-0D62-4572-9228-7C23E915AEC7}.Release|Any CPU.Build.0 = Release|Any CPU
		{D336CD26-C9B8-4B7F-83E7-2F951DF1FABC}.Debug|Any CPU.ActiveCfg = Debug|Any CPU
		{D336CD26-C9B8-4B7F-83E7-2F951DF1FABC}.Debug|Any CPU.Build.0 = Debug|Any CPU
		{D336CD26-C9B8-4B7F-83E7-2F951DF1FABC}.Debug|Any CPU.Deploy.0 = Debug|Any CPU
		{D336CD26-C9B8-4B7F-83E7-2F951DF1FABC}.Release|Any CPU.ActiveCfg = Release|Any CPU
		{D336CD26-C9B8-4B7F-83E7-2F951DF1FABC}.Release|Any CPU.Build.0 = Release|Any CPU
		{D336CD26-C9B8-4B7F-83E7-2F951DF1FABC}.Release|Any CPU.Deploy.0 = Release|Any CPU
		{C18B8323-7876-4F7D-AB93-091A18281C71}.Debug|Any CPU.ActiveCfg = Debug|Any CPU
		{C18B8323-7876-4F7D-AB93-091A18281C71}.Debug|Any CPU.Build.0 = Debug|Any CPU
		{C18B8323-7876-4F7D-AB93-091A18281C71}.Release|Any CPU.ActiveCfg = Release|Any CPU
		{C18B8323-7876-4F7D-AB93-091A18281C71}.Release|Any CPU.Build.0 = Release|Any CPU
	EndGlobalSection
	GlobalSection(SolutionProperties) = preSolution
		HideSolutionNode = FALSE
	EndGlobalSection
	GlobalSection(ExtensibilityGlobals) = postSolution
		SolutionGuid = {ECF017BB-C136-4040-AA7D-84DBF22227AB}
	EndGlobalSection
EndGlobal
