
Microsoft Visual Studio Solution File, Format Version 12.00
# Visual Studio 15
VisualStudioVersion = 15.0.28010.2016
MinimumVisualStudioVersion = 10.0.40219.1
Project("{FAE04EC0-301F-11D3-BF4B-00C04F79EFBC}") = "Lab 1 Pizza Creator", "Lab 1 Pizza Creator\Lab 1 Pizza Creator.csproj", "{ADB7950D-1185-45B4-BA1F-C4AA1932F82D}"
EndProject
Global
	GlobalSection(SolutionConfigurationPlatforms) = preSolution
		Debug|Any CPU = Debug|Any CPU
		Release|Any CPU = Release|Any CPU
	EndGlobalSection
	GlobalSection(ProjectConfigurationPlatforms) = postSolution
		{ADB7950D-1185-45B4-BA1F-C4AA1932F82D}.Debug|Any CPU.ActiveCfg = Debug|Any CPU
		{ADB7950D-1185-45B4-BA1F-C4AA1932F82D}.Debug|Any CPU.Build.0 = Debug|Any CPU
		{ADB7950D-1185-45B4-BA1F-C4AA1932F82D}.Release|Any CPU.ActiveCfg = Release|Any CPU
		{ADB7950D-1185-45B4-BA1F-C4AA1932F82D}.Release|Any CPU.Build.0 = Release|Any CPU
	EndGlobalSection
	GlobalSection(SolutionProperties) = preSolution
		HideSolutionNode = FALSE
	EndGlobalSection
	GlobalSection(ExtensibilityGlobals) = postSolution
		SolutionGuid = {8E2EBB7E-271D-44AB-A15D-F6712ACFA269}
	EndGlobalSection
EndGlobal
